
Microsoft Visual Studio Solution File, Format Version 12.00
# Visual Studio Version 16
VisualStudioVersion = 16.0.33027.164
MinimumVisualStudioVersion = 10.0.40219.1
Project("{FAE04EC0-301F-11D3-BF4B-00C04F79EFBC}") = "Food_Pantry_Project", "Food_Pantry_Project.csproj", "{12E9B3CC-6A58-42ED-8FF6-9F1EDC9FF32D}"
EndProject
Global
	GlobalSection(SolutionConfigurationPlatforms) = preSolution
		Debug|Any CPU = Debug|Any CPU
		Release|Any CPU = Release|Any CPU
	EndGlobalSection
	GlobalSection(ProjectConfigurationPlatforms) = postSolution
		{12E9B3CC-6A58-42ED-8FF6-9F1EDC9FF32D}.Debug|Any CPU.ActiveCfg = Debug|Any CPU
		{12E9B3CC-6A58-42ED-8FF6-9F1EDC9FF32D}.Debug|Any CPU.Build.0 = Debug|Any CPU
		{12E9B3CC-6A58-42ED-8FF6-9F1EDC9FF32D}.Release|Any CPU.ActiveCfg = Release|Any CPU
		{12E9B3CC-6A58-42ED-8FF6-9F1EDC9FF32D}.Release|Any CPU.Build.0 = Release|Any CPU
	EndGlobalSection
	GlobalSection(SolutionProperties) = preSolution
		HideSolutionNode = FALSE
	EndGlobalSection
	GlobalSection(ExtensibilityGlobals) = postSolution
		SolutionGuid = {243982DB-E841-480F-8362-4FB90A4706B2}
	EndGlobalSection
EndGlobal
